// !$*UTF8*$!
{
	archiveVersion = 1;
	classes = {
	};
	objectVersion = 45;
	objects = {

/* Begin PBXBuildFile section */
		80804E241065A5DD00D5EAD5 /* HigherOrderKit.h in Headers */ = {isa = PBXBuildFile; fileRef = 80804E231065A5DD00D5EAD5 /* HigherOrderKit.h */; };
		80804E311065A67900D5EAD5 /* HigherOrderKit.h in Headers */ = {isa = PBXBuildFile; fileRef = 80804E231065A5DD00D5EAD5 /* HigherOrderKit.h */; };
		80CA1668105C7A4E00B13172 /* NSArray+HigherOrderAdditions.h in Headers */ = {isa = PBXBuildFile; fileRef = 80CA1666105C7A4E00B13172 /* NSArray+HigherOrderAdditions.h */; };
		80CA1669105C7A4E00B13172 /* NSArray+HigherOrderAdditions.m in Sources */ = {isa = PBXBuildFile; fileRef = 80CA1667105C7A4E00B13172 /* NSArray+HigherOrderAdditions.m */; };
		80CA1704105C859C00B13172 /* NSArrayHigherOrderTests.m in Sources */ = {isa = PBXBuildFile; fileRef = 80CA16E5105C823600B13172 /* NSArrayHigherOrderTests.m */; };
		80CA1707105C85C600B13172 /* NSArrayHigherOrderTests.h in Headers */ = {isa = PBXBuildFile; fileRef = 80CA16E4105C823600B13172 /* NSArrayHigherOrderTests.h */; };
		80CA1717105C86BA00B13172 /* SenTestingKit.framework in Frameworks */ = {isa = PBXBuildFile; fileRef = 80CA1716105C86BA00B13172 /* SenTestingKit.framework */; };
		80CA173E105C87B800B13172 /* NSArray+HigherOrderAdditions.m in Sources */ = {isa = PBXBuildFile; fileRef = 80CA1667105C7A4E00B13172 /* NSArray+HigherOrderAdditions.m */; };
		80CA173F105C87BE00B13172 /* NSArray+HigherOrderAdditions.h in Headers */ = {isa = PBXBuildFile; fileRef = 80CA1666105C7A4E00B13172 /* NSArray+HigherOrderAdditions.h */; };
/* End PBXBuildFile section */

/* Begin PBXFileReference section */
		0867D69BFE84028FC02AAC07 /* Foundation.framework */ = {isa = PBXFileReference; lastKnownFileType = wrapper.framework; name = Foundation.framework; path = /System/Library/Frameworks/Foundation.framework; sourceTree = "<absolute>"; };
		80804D5E10645FD800D5EAD5 /* README.markdown */ = {isa = PBXFileReference; fileEncoding = 4; lastKnownFileType = text; path = README.markdown; sourceTree = "<group>"; wrapsLines = 1; };
		80804E231065A5DD00D5EAD5 /* HigherOrderKit.h */ = {isa = PBXFileReference; fileEncoding = 4; lastKnownFileType = sourcecode.c.h; path = HigherOrderKit.h; sourceTree = "<group>"; };
		80CA1666105C7A4E00B13172 /* NSArray+HigherOrderAdditions.h */ = {isa = PBXFileReference; fileEncoding = 4; lastKnownFileType = sourcecode.c.h; path = "NSArray+HigherOrderAdditions.h"; sourceTree = "<group>"; };
		80CA1667105C7A4E00B13172 /* NSArray+HigherOrderAdditions.m */ = {isa = PBXFileReference; fileEncoding = 4; lastKnownFileType = sourcecode.c.objc; path = "NSArray+HigherOrderAdditions.m"; sourceTree = "<group>"; };
		80CA16E4105C823600B13172 /* NSArrayHigherOrderTests.h */ = {isa = PBXFileReference; fileEncoding = 4; lastKnownFileType = sourcecode.c.h; path = NSArrayHigherOrderTests.h; sourceTree = "<group>"; };
		80CA16E5105C823600B13172 /* NSArrayHigherOrderTests.m */ = {isa = PBXFileReference; fileEncoding = 4; lastKnownFileType = sourcecode.c.objc; path = NSArrayHigherOrderTests.m; sourceTree = "<group>"; };
		80CA16FE105C852D00B13172 /* UnitTests.octest */ = {isa = PBXFileReference; explicitFileType = wrapper.cfbundle; includeInIndex = 0; path = UnitTests.octest; sourceTree = BUILT_PRODUCTS_DIR; };
		80CA1716105C86BA00B13172 /* SenTestingKit.framework */ = {isa = PBXFileReference; lastKnownFileType = wrapper.framework; name = SenTestingKit.framework; path = Library/Frameworks/SenTestingKit.framework; sourceTree = DEVELOPER_DIR; };
		80CA1731105C874300B13172 /* Info.plist */ = {isa = PBXFileReference; fileEncoding = 4; lastKnownFileType = text.plist.xml; path = Info.plist; sourceTree = "<group>"; };
		D2AAC07E0554694100DB518D /* libHigherOrderKit.a */ = {isa = PBXFileReference; explicitFileType = archive.ar; includeInIndex = 0; path = libHigherOrderKit.a; sourceTree = BUILT_PRODUCTS_DIR; };
/* End PBXFileReference section */

/* Begin PBXFrameworksBuildPhase section */
		80CA16FB105C852D00B13172 /* Frameworks */ = {
			isa = PBXFrameworksBuildPhase;
			buildActionMask = 2147483647;
			files = (
				80CA1717105C86BA00B13172 /* SenTestingKit.framework in Frameworks */,
			);
			runOnlyForDeploymentPostprocessing = 0;
		};
		D2AAC07C0554694100DB518D /* Frameworks */ = {
			isa = PBXFrameworksBuildPhase;
			buildActionMask = 2147483647;
			files = (
			);
			runOnlyForDeploymentPostprocessing = 0;
		};
/* End PBXFrameworksBuildPhase section */

/* Begin PBXGroup section */
		034768DFFF38A50411DB9C8B /* Products */ = {
			isa = PBXGroup;
			children = (
				D2AAC07E0554694100DB518D /* libHigherOrderKit.a */,
				80CA16FE105C852D00B13172 /* UnitTests.octest */,
			);
			name = Products;
			sourceTree = "<group>";
		};
		0867D691FE84028FC02AAC07 /* HigherOrderCocoa */ = {
			isa = PBXGroup;
			children = (
				08FB77AEFE84172EC02AAC07 /* Sources */,
				80CA16DF105C81CA00B13172 /* Tests */,
				0867D69AFE84028FC02AAC07 /* Frameworks */,
				034768DFFF38A50411DB9C8B /* Products */,
				80804D5E10645FD800D5EAD5 /* README.markdown */,
			);
			name = HigherOrderCocoa;
			sourceTree = "<group>";
		};
		0867D69AFE84028FC02AAC07 /* Frameworks */ = {
			isa = PBXGroup;
			children = (
				1058C7B0FEA5585E11CA2CBB /* Linked Frameworks */,
				1058C7B2FEA5585E11CA2CBB /* Other Frameworks */,
			);
			name = Frameworks;
			sourceTree = "<group>";
		};
		08FB77AEFE84172EC02AAC07 /* Sources */ = {
			isa = PBXGroup;
			children = (
				80804E231065A5DD00D5EAD5 /* HigherOrderKit.h */,
				80CA1666105C7A4E00B13172 /* NSArray+HigherOrderAdditions.h */,
				80CA1667105C7A4E00B13172 /* NSArray+HigherOrderAdditions.m */,
			);
			path = Sources;
			sourceTree = "<group>";
		};
		1058C7B0FEA5585E11CA2CBB /* Linked Frameworks */ = {
			isa = PBXGroup;
			children = (
				0867D69BFE84028FC02AAC07 /* Foundation.framework */,
			);
			name = "Linked Frameworks";
			sourceTree = "<group>";
		};
		1058C7B2FEA5585E11CA2CBB /* Other Frameworks */ = {
			isa = PBXGroup;
			children = (
				80CA1716105C86BA00B13172 /* SenTestingKit.framework */,
			);
			name = "Other Frameworks";
			sourceTree = "<group>";
		};
		80CA16DF105C81CA00B13172 /* Tests */ = {
			isa = PBXGroup;
			children = (
				80CA16E4105C823600B13172 /* NSArrayHigherOrderTests.h */,
				80CA16E5105C823600B13172 /* NSArrayHigherOrderTests.m */,
				80CA1731105C874300B13172 /* Info.plist */,
			);
			path = Tests;
			sourceTree = "<group>";
		};
/* End PBXGroup section */

/* Begin PBXHeadersBuildPhase section */
		80CA1714105C85E600B13172 /* Headers */ = {
			isa = PBXHeadersBuildPhase;
			buildActionMask = 2147483647;
			files = (
				80CA173F105C87BE00B13172 /* NSArray+HigherOrderAdditions.h in Headers */,
				80CA1707105C85C600B13172 /* NSArrayHigherOrderTests.h in Headers */,
				80804E311065A67900D5EAD5 /* HigherOrderKit.h in Headers */,
			);
			runOnlyForDeploymentPostprocessing = 0;
		};
		D2AAC07A0554694100DB518D /* Headers */ = {
			isa = PBXHeadersBuildPhase;
			buildActionMask = 2147483647;
			files = (
				80CA1668105C7A4E00B13172 /* NSArray+HigherOrderAdditions.h in Headers */,
				80804E241065A5DD00D5EAD5 /* HigherOrderKit.h in Headers */,
			);
			runOnlyForDeploymentPostprocessing = 0;
		};
/* End PBXHeadersBuildPhase section */

/* Begin PBXNativeTarget section */
		80CA16FD105C852D00B13172 /* UnitTests */ = {
			isa = PBXNativeTarget;
			buildConfigurationList = 80CA1703105C852E00B13172 /* Build configuration list for PBXNativeTarget "UnitTests" */;
			buildPhases = (
				80CA16F9105C852D00B13172 /* Resources */,
				80CA1714105C85E600B13172 /* Headers */,
				80CA16FA105C852D00B13172 /* Sources */,
				80CA16FB105C852D00B13172 /* Frameworks */,
				80CA16FC105C852D00B13172 /* ShellScript */,
			);
			buildRules = (
			);
			dependencies = (
			);
			name = UnitTests;
			productName = UnitTests;
			productReference = 80CA16FE105C852D00B13172 /* UnitTests.octest */;
			productType = "com.apple.product-type.bundle";
		};
		D2AAC07D0554694100DB518D /* HigherOrderKit */ = {
			isa = PBXNativeTarget;
			buildConfigurationList = 1DEB921E08733DC00010E9CD /* Build configuration list for PBXNativeTarget "HigherOrderKit" */;
			buildPhases = (
				D2AAC07A0554694100DB518D /* Headers */,
				D2AAC07B0554694100DB518D /* Sources */,
				D2AAC07C0554694100DB518D /* Frameworks */,
			);
			buildRules = (
			);
			dependencies = (
			);
			name = HigherOrderKit;
			productName = HigherOrderCocoa;
			productReference = D2AAC07E0554694100DB518D /* libHigherOrderKit.a */;
			productType = "com.apple.product-type.library.static";
		};
/* End PBXNativeTarget section */

/* Begin PBXProject section */
		0867D690FE84028FC02AAC07 /* Project object */ = {
			isa = PBXProject;
			buildConfigurationList = 1DEB922208733DC00010E9CD /* Build configuration list for PBXProject "HigherOrderKit" */;
			compatibilityVersion = "Xcode 3.1";
			hasScannedForEncodings = 1;
			mainGroup = 0867D691FE84028FC02AAC07 /* HigherOrderCocoa */;
			productRefGroup = 034768DFFF38A50411DB9C8B /* Products */;
			projectDirPath = "";
			projectRoot = "";
			targets = (
				D2AAC07D0554694100DB518D /* HigherOrderKit */,
				80CA16FD105C852D00B13172 /* UnitTests */,
			);
		};
/* End PBXProject section */

/* Begin PBXResourcesBuildPhase section */
		80CA16F9105C852D00B13172 /* Resources */ = {
			isa = PBXResourcesBuildPhase;
			buildActionMask = 2147483647;
			files = (
			);
			runOnlyForDeploymentPostprocessing = 0;
		};
/* End PBXResourcesBuildPhase section */

/* Begin PBXShellScriptBuildPhase section */
		80CA16FC105C852D00B13172 /* ShellScript */ = {
			isa = PBXShellScriptBuildPhase;
			buildActionMask = 2147483647;
			files = (
			);
			inputPaths = (
			);
			outputPaths = (
			);
			runOnlyForDeploymentPostprocessing = 0;
			shellPath = /bin/sh;
			shellScript = "# Run the unit tests in this test bundle.\n\"${SYSTEM_DEVELOPER_DIR}/Tools/RunUnitTests\"\n";
		};
/* End PBXShellScriptBuildPhase section */

/* Begin PBXSourcesBuildPhase section */
		80CA16FA105C852D00B13172 /* Sources */ = {
			isa = PBXSourcesBuildPhase;
			buildActionMask = 2147483647;
			files = (
				80CA173E105C87B800B13172 /* NSArray+HigherOrderAdditions.m in Sources */,
				80CA1704105C859C00B13172 /* NSArrayHigherOrderTests.m in Sources */,
			);
			runOnlyForDeploymentPostprocessing = 0;
		};
		D2AAC07B0554694100DB518D /* Sources */ = {
			isa = PBXSourcesBuildPhase;
			buildActionMask = 2147483647;
			files = (
				80CA1669105C7A4E00B13172 /* NSArray+HigherOrderAdditions.m in Sources */,
			);
			runOnlyForDeploymentPostprocessing = 0;
		};
/* End PBXSourcesBuildPhase section */

/* Begin XCBuildConfiguration section */
		1DEB921F08733DC00010E9CD /* Debug */ = {
			isa = XCBuildConfiguration;
			buildSettings = {
				ALWAYS_SEARCH_USER_PATHS = NO;
				ARCHS = "$(ARCHS_STANDARD_32_64_BIT)";
				COPY_PHASE_STRIP = NO;
				GCC_DYNAMIC_NO_PIC = NO;
				GCC_ENABLE_FIX_AND_CONTINUE = YES;
				GCC_MODEL_TUNING = G5;
				GCC_OPTIMIZATION_LEVEL = 0;
				GCC_PRECOMPILE_PREFIX_HEADER = NO;
				INSTALL_PATH = /usr/local/lib;
				ONLY_ACTIVE_ARCH = YES;
				PRODUCT_NAME = HigherOrderKit;
			};
			name = Debug;
		};
		1DEB922008733DC00010E9CD /* Release */ = {
			isa = XCBuildConfiguration;
			buildSettings = {
				ALWAYS_SEARCH_USER_PATHS = NO;
				ARCHS = "$(ARCHS_STANDARD_32_BIT)";
				DEBUG_INFORMATION_FORMAT = "dwarf-with-dsym";
				GCC_MODEL_TUNING = G5;
				GCC_PRECOMPILE_PREFIX_HEADER = NO;
				INSTALL_PATH = /usr/local/lib;
				PRODUCT_NAME = HigherOrderKit;
			};
			name = Release;
		};
		1DEB922308733DC00010E9CD /* Debug */ = {
			isa = XCBuildConfiguration;
			buildSettings = {
				ARCHS = "$(ARCHS_STANDARD_32_64_BIT)";
				GCC_C_LANGUAGE_STANDARD = gnu99;
				GCC_OPTIMIZATION_LEVEL = 0;
				GCC_VERSION = com.apple.compilers.llvm.clang.1_0;
				GCC_WARN_ABOUT_RETURN_TYPE = YES;
				GCC_WARN_UNUSED_VARIABLE = YES;
				ONLY_ACTIVE_ARCH = YES;
				PREBINDING = NO;
				SDKROOT = macosx10.6;
			};
			name = Debug;
		};
		1DEB922408733DC00010E9CD /* Release */ = {
			isa = XCBuildConfiguration;
			buildSettings = {
				ARCHS = "$(ARCHS_STANDARD_32_64_BIT)";
				GCC_C_LANGUAGE_STANDARD = gnu99;
				GCC_VERSION = com.apple.compilers.llvm.clang.1_0;
				GCC_WARN_ABOUT_RETURN_TYPE = YES;
				GCC_WARN_UNUSED_VARIABLE = YES;
				PREBINDING = NO;
				SDKROOT = macosx10.6;
			};
			name = Release;
		};
		80CA1701105C852E00B13172 /* Debug */ = {
			isa = XCBuildConfiguration;
			buildSettings = {
				ALWAYS_SEARCH_USER_PATHS = NO;
				COPY_PHASE_STRIP = NO;
				FRAMEWORK_SEARCH_PATHS = "$(DEVELOPER_LIBRARY_DIR)/Frameworks";
				GCC_DYNAMIC_NO_PIC = NO;
				GCC_ENABLE_FIX_AND_CONTINUE = NO;
				GCC_ENABLE_OBJC_EXCEPTIONS = YES;
				GCC_MODEL_TUNING = G5;
				GCC_OPTIMIZATION_LEVEL = 0;
				GCC_PRECOMPILE_PREFIX_HEADER = YES;
				GCC_PREFIX_HEADER = "$(SYSTEM_LIBRARY_DIR)/Frameworks/Cocoa.framework/Headers/Cocoa.h";
				GCC_VERSION = com.apple.compilers.llvm.clang.1_0;
				INFOPLIST_FILE = Tests/Info.plist;
				INSTALL_PATH = "$(USER_LIBRARY_DIR)/Bundles";
				OTHER_LDFLAGS = (
					"-framework",
					Cocoa,
					"-framework",
					SenTestingKit,
				);
				PREBINDING = NO;
				PRODUCT_NAME = UnitTests;
				WRAPPER_EXTENSION = octest;
			};
			name = Debug;
		};
		80CA1702105C852E00B13172 /* Release */ = {
			isa = XCBuildConfiguration;
			buildSettings = {
				ALWAYS_SEARCH_USER_PATHS = NO;
				COPY_PHASE_STRIP = YES;
				DEBUG_INFORMATION_FORMAT = "dwarf-with-dsym";
				FRAMEWORK_SEARCH_PATHS = "$(DEVELOPER_LIBRARY_DIR)/Frameworks";
				GCC_ENABLE_FIX_AND_CONTINUE = NO;
				GCC_ENABLE_OBJC_EXCEPTIONS = YES;
				GCC_MODEL_TUNING = G5;
				GCC_PRECOMPILE_PREFIX_HEADER = YES;
				GCC_PREFIX_HEADER = "$(SYSTEM_LIBRARY_DIR)/Frameworks/Cocoa.framework/Headers/Cocoa.h";
				GCC_VERSION = com.apple.compilers.llvm.clang.1_0;
				INFOPLIST_FILE = Tests/Info.plist;
				INSTALL_PATH = "$(USER_LIBRARY_DIR)/Bundles";
				OTHER_LDFLAGS = (
					"-framework",
					Cocoa,
					"-framework",
					SenTestingKit,
				);
				PREBINDING = NO;
				PRODUCT_NAME = UnitTests;
				WRAPPER_EXTENSION = octest;
				ZERO_LINK = NO;
			};
			name = Release;
		};
/* End XCBuildConfiguration section */

/* Begin XCConfigurationList section */
		1DEB921E08733DC00010E9CD /* Build configuration list for PBXNativeTarget "HigherOrderKit" */ = {
			isa = XCConfigurationList;
			buildConfigurations = (
				1DEB921F08733DC00010E9CD /* Debug */,
				1DEB922008733DC00010E9CD /* Release */,
			);
			defaultConfigurationIsVisible = 0;
			defaultConfigurationName = Release;
		};
		1DEB922208733DC00010E9CD /* Build configuration list for PBXProject "HigherOrderKit" */ = {
			isa = XCConfigurationList;
			buildConfigurations = (
				1DEB922308733DC00010E9CD /* Debug */,
				1DEB922408733DC00010E9CD /* Release */,
			);
			defaultConfigurationIsVisible = 0;
			defaultConfigurationName = Release;
		};
		80CA1703105C852E00B13172 /* Build configuration list for PBXNativeTarget "UnitTests" */ = {
			isa = XCConfigurationList;
			buildConfigurations = (
				80CA1701105C852E00B13172 /* Debug */,
				80CA1702105C852E00B13172 /* Release */,
			);
			defaultConfigurationIsVisible = 0;
			defaultConfigurationName = Release;
		};
/* End XCConfigurationList section */
	};
	rootObject = 0867D690FE84028FC02AAC07 /* Project object */;
}
